// !$*UTF8*$!
{
	archiveVersion = 1;
	classes = {
	};
	objectVersion = 46;
	objects = {

/* Begin PBXBuildFile section */
		521D09671D265F6B0079BB86 /* A Day in the Life.mp3 in Resources */ = {isa = PBXBuildFile; fileRef = 521D09661D265F6B0079BB86 /* A Day in the Life.mp3 */; };
		522D27BF1D118F2A00E97AC4 /* main.m in Sources */ = {isa = PBXBuildFile; fileRef = 522D27BE1D118F2A00E97AC4 /* main.m */; };
		522D27C21D118F2A00E97AC4 /* AppDelegate.m in Sources */ = {isa = PBXBuildFile; fileRef = 522D27C11D118F2A00E97AC4 /* AppDelegate.m */; };
		522D27C51D118F2A00E97AC4 /* ViewController.m in Sources */ = {isa = PBXBuildFile; fileRef = 522D27C41D118F2A00E97AC4 /* ViewController.m */; };
		522D27C81D118F2A00E97AC4 /* Main.storyboard in Resources */ = {isa = PBXBuildFile; fileRef = 522D27C61D118F2A00E97AC4 /* Main.storyboard */; };
		522D27CA1D118F2A00E97AC4 /* Assets.xcassets in Resources */ = {isa = PBXBuildFile; fileRef = 522D27C91D118F2A00E97AC4 /* Assets.xcassets */; };
		522D27CD1D118F2A00E97AC4 /* LaunchScreen.storyboard in Resources */ = {isa = PBXBuildFile; fileRef = 522D27CB1D118F2A00E97AC4 /* LaunchScreen.storyboard */; };
		522D27D81D118F2A00E97AC4 /* dreamCalcTests.m in Sources */ = {isa = PBXBuildFile; fileRef = 522D27D71D118F2A00E97AC4 /* dreamCalcTests.m */; };
		522D27E31D118F2A00E97AC4 /* dreamCalcUITests.m in Sources */ = {isa = PBXBuildFile; fileRef = 522D27E21D118F2A00E97AC4 /* dreamCalcUITests.m */; };
		527535481D219498006F703B /* SecondViewController.m in Sources */ = {isa = PBXBuildFile; fileRef = 527535471D219498006F703B /* SecondViewController.m */; };
		527535511D227E5B006F703B /* PlotView.m in Sources */ = {isa = PBXBuildFile; fileRef = 527535501D227E5B006F703B /* PlotView.m */; };
		52D189B21D1C60BB008A8278 /* roundButtonV1.png in Resources */ = {isa = PBXBuildFile; fileRef = 52D189AF1D1C60BB008A8278 /* roundButtonV1.png */; };
		52D189B31D1C60BB008A8278 /* roundButtonV2.png in Resources */ = {isa = PBXBuildFile; fileRef = 52D189B01D1C60BB008A8278 /* roundButtonV2.png */; };
		52D189B41D1C60BB008A8278 /* roundButtonV3.png in Resources */ = {isa = PBXBuildFile; fileRef = 52D189B11D1C60BB008A8278 /* roundButtonV3.png */; };
		52D189B91D1C60D3008A8278 /* galaxy1.png in Resources */ = {isa = PBXBuildFile; fileRef = 52D189B51D1C60D3008A8278 /* galaxy1.png */; };
		52D189BA1D1C60D3008A8278 /* galaxy2.png in Resources */ = {isa = PBXBuildFile; fileRef = 52D189B61D1C60D3008A8278 /* galaxy2.png */; };
		52D189BB1D1C60D3008A8278 /* girl.png in Resources */ = {isa = PBXBuildFile; fileRef = 52D189B71D1C60D3008A8278 /* girl.png */; };
		52D189BC1D1C60D3008A8278 /* nature1.png in Resources */ = {isa = PBXBuildFile; fileRef = 52D189B81D1C60D3008A8278 /* nature1.png */; };
		52D189BF1D1C615A008A8278 /* CalculatorModel.m in Sources */ = {isa = PBXBuildFile; fileRef = 52D189BE1D1C615A008A8278 /* CalculatorModel.m */; };
		52D189C21D1C631D008A8278 /* UIDesignMethods.m in Sources */ = {isa = PBXBuildFile; fileRef = 52D189C11D1C631D008A8278 /* UIDesignMethods.m */; };
/* End PBXBuildFile section */

/* Begin PBXContainerItemProxy section */
		522D27D41D118F2A00E97AC4 /* PBXContainerItemProxy */ = {
			isa = PBXContainerItemProxy;
			containerPortal = 522D27B21D118F2A00E97AC4 /* Project object */;
			proxyType = 1;
			remoteGlobalIDString = 522D27B91D118F2A00E97AC4;
			remoteInfo = dreamCalc;
		};
		522D27DF1D118F2A00E97AC4 /* PBXContainerItemProxy */ = {
			isa = PBXContainerItemProxy;
			containerPortal = 522D27B21D118F2A00E97AC4 /* Project object */;
			proxyType = 1;
			remoteGlobalIDString = 522D27B91D118F2A00E97AC4;
			remoteInfo = dreamCalc;
		};
/* End PBXContainerItemProxy section */

/* Begin PBXFileReference section */
		521D09661D265F6B0079BB86 /* A Day in the Life.mp3 */ = {isa = PBXFileReference; lastKnownFileType = audio.mp3; name = "A Day in the Life.mp3"; path = "../../../../Music/The Beatles/The Beatles 1+ 2015/A Day in the Life.mp3"; sourceTree = "<group>"; };
		522D27BA1D118F2A00E97AC4 /* dreamCalc.app */ = {isa = PBXFileReference; explicitFileType = wrapper.application; includeInIndex = 0; path = dreamCalc.app; sourceTree = BUILT_PRODUCTS_DIR; };
		522D27BE1D118F2A00E97AC4 /* main.m */ = {isa = PBXFileReference; lastKnownFileType = sourcecode.c.objc; path = main.m; sourceTree = "<group>"; };
		522D27C01D118F2A00E97AC4 /* AppDelegate.h */ = {isa = PBXFileReference; lastKnownFileType = sourcecode.c.h; path = AppDelegate.h; sourceTree = "<group>"; };
		522D27C11D118F2A00E97AC4 /* AppDelegate.m */ = {isa = PBXFileReference; lastKnownFileType = sourcecode.c.objc; path = AppDelegate.m; sourceTree = "<group>"; };
		522D27C31D118F2A00E97AC4 /* ViewController.h */ = {isa = PBXFileReference; lastKnownFileType = sourcecode.c.h; path = ViewController.h; sourceTree = "<group>"; };
		522D27C41D118F2A00E97AC4 /* ViewController.m */ = {isa = PBXFileReference; lastKnownFileType = sourcecode.c.objc; path = ViewController.m; sourceTree = "<group>"; };
		522D27C71D118F2A00E97AC4 /* Base */ = {isa = PBXFileReference; lastKnownFileType = file.storyboard; name = Base; path = Base.lproj/Main.storyboard; sourceTree = "<group>"; };
		522D27C91D118F2A00E97AC4 /* Assets.xcassets */ = {isa = PBXFileReference; lastKnownFileType = folder.assetcatalog; path = Assets.xcassets; sourceTree = "<group>"; };
		522D27CC1D118F2A00E97AC4 /* Base */ = {isa = PBXFileReference; lastKnownFileType = file.storyboard; name = Base; path = Base.lproj/LaunchScreen.storyboard; sourceTree = "<group>"; };
		522D27CE1D118F2A00E97AC4 /* Info.plist */ = {isa = PBXFileReference; lastKnownFileType = text.plist.xml; path = Info.plist; sourceTree = "<group>"; };
		522D27D31D118F2A00E97AC4 /* dreamCalcTests.xctest */ = {isa = PBXFileReference; explicitFileType = wrapper.cfbundle; includeInIndex = 0; path = dreamCalcTests.xctest; sourceTree = BUILT_PRODUCTS_DIR; };
		522D27D71D118F2A00E97AC4 /* dreamCalcTests.m */ = {isa = PBXFileReference; lastKnownFileType = sourcecode.c.objc; path = dreamCalcTests.m; sourceTree = "<group>"; };
		522D27D91D118F2A00E97AC4 /* Info.plist */ = {isa = PBXFileReference; lastKnownFileType = text.plist.xml; path = Info.plist; sourceTree = "<group>"; };
		522D27DE1D118F2A00E97AC4 /* dreamCalcUITests.xctest */ = {isa = PBXFileReference; explicitFileType = wrapper.cfbundle; includeInIndex = 0; path = dreamCalcUITests.xctest; sourceTree = BUILT_PRODUCTS_DIR; };
		522D27E21D118F2A00E97AC4 /* dreamCalcUITests.m */ = {isa = PBXFileReference; lastKnownFileType = sourcecode.c.objc; path = dreamCalcUITests.m; sourceTree = "<group>"; };
		522D27E41D118F2A00E97AC4 /* Info.plist */ = {isa = PBXFileReference; lastKnownFileType = text.plist.xml; path = Info.plist; sourceTree = "<group>"; };
		527535461D219498006F703B /* SecondViewController.h */ = {isa = PBXFileReference; fileEncoding = 4; lastKnownFileType = sourcecode.c.h; path = SecondViewController.h; sourceTree = "<group>"; };
		527535471D219498006F703B /* SecondViewController.m */ = {isa = PBXFileReference; fileEncoding = 4; lastKnownFileType = sourcecode.c.objc; path = SecondViewController.m; sourceTree = "<group>"; };
		5275354F1D227E5B006F703B /* PlotView.h */ = {isa = PBXFileReference; fileEncoding = 4; lastKnownFileType = sourcecode.c.h; path = PlotView.h; sourceTree = "<group>"; };
		527535501D227E5B006F703B /* PlotView.m */ = {isa = PBXFileReference; fileEncoding = 4; lastKnownFileType = sourcecode.c.objc; path = PlotView.m; sourceTree = "<group>"; };
		52D189AF1D1C60BB008A8278 /* roundButtonV1.png */ = {isa = PBXFileReference; lastKnownFileType = image.png; name = roundButtonV1.png; path = GraphicalResources/Buttons/roundButtonV1.png; sourceTree = SOURCE_ROOT; };
		52D189B01D1C60BB008A8278 /* roundButtonV2.png */ = {isa = PBXFileReference; lastKnownFileType = image.png; name = roundButtonV2.png; path = GraphicalResources/Buttons/roundButtonV2.png; sourceTree = SOURCE_ROOT; };
		52D189B11D1C60BB008A8278 /* roundButtonV3.png */ = {isa = PBXFileReference; lastKnownFileType = image.png; name = roundButtonV3.png; path = GraphicalResources/Buttons/roundButtonV3.png; sourceTree = SOURCE_ROOT; };
		52D189B51D1C60D3008A8278 /* galaxy1.png */ = {isa = PBXFileReference; lastKnownFileType = image.png; name = galaxy1.png; path = GraphicalResources/Backgrounds/galaxy1.png; sourceTree = SOURCE_ROOT; };
		52D189B61D1C60D3008A8278 /* galaxy2.png */ = {isa = PBXFileReference; lastKnownFileType = image.png; name = galaxy2.png; path = GraphicalResources/Backgrounds/galaxy2.png; sourceTree = SOURCE_ROOT; };
		52D189B71D1C60D3008A8278 /* girl.png */ = {isa = PBXFileReference; lastKnownFileType = image.png; name = girl.png; path = GraphicalResources/Backgrounds/girl.png; sourceTree = SOURCE_ROOT; };
		52D189B81D1C60D3008A8278 /* nature1.png */ = {isa = PBXFileReference; lastKnownFileType = image.png; name = nature1.png; path = GraphicalResources/Backgrounds/nature1.png; sourceTree = SOURCE_ROOT; };
		52D189BD1D1C615A008A8278 /* CalculatorModel.h */ = {isa = PBXFileReference; fileEncoding = 4; lastKnownFileType = sourcecode.c.h; name = CalculatorModel.h; path = SourceCode/CalculatorModel.h; sourceTree = SOURCE_ROOT; };
		52D189BE1D1C615A008A8278 /* CalculatorModel.m */ = {isa = PBXFileReference; fileEncoding = 4; lastKnownFileType = sourcecode.c.objc; name = CalculatorModel.m; path = SourceCode/CalculatorModel.m; sourceTree = SOURCE_ROOT; };
		52D189C01D1C631D008A8278 /* UIDesignMethods.h */ = {isa = PBXFileReference; fileEncoding = 4; lastKnownFileType = sourcecode.c.h; name = UIDesignMethods.h; path = SourceCode/UIDesignMethods.h; sourceTree = SOURCE_ROOT; };
		52D189C11D1C631D008A8278 /* UIDesignMethods.m */ = {isa = PBXFileReference; fileEncoding = 4; lastKnownFileType = sourcecode.c.objc; name = UIDesignMethods.m; path = SourceCode/UIDesignMethods.m; sourceTree = SOURCE_ROOT; };
/* End PBXFileReference section */

/* Begin PBXFrameworksBuildPhase section */
		522D27B71D118F2A00E97AC4 /* Frameworks */ = {
			isa = PBXFrameworksBuildPhase;
			buildActionMask = 2147483647;
			files = (
			);
			runOnlyForDeploymentPostprocessing = 0;
		};
		522D27D01D118F2A00E97AC4 /* Frameworks */ = {
			isa = PBXFrameworksBuildPhase;
			buildActionMask = 2147483647;
			files = (
			);
			runOnlyForDeploymentPostprocessing = 0;
		};
		522D27DB1D118F2A00E97AC4 /* Frameworks */ = {
			isa = PBXFrameworksBuildPhase;
			buildActionMask = 2147483647;
			files = (
			);
			runOnlyForDeploymentPostprocessing = 0;
		};
/* End PBXFrameworksBuildPhase section */

/* Begin PBXGroup section */
		522D27B11D118F2A00E97AC4 = {
			isa = PBXGroup;
			children = (
				522D27BC1D118F2A00E97AC4 /* dreamCalc */,
				522D27D61D118F2A00E97AC4 /* dreamCalcTests */,
				522D27E11D118F2A00E97AC4 /* dreamCalcUITests */,
				522D27BB1D118F2A00E97AC4 /* Products */,
			);
			sourceTree = "<group>";
		};
		522D27BB1D118F2A00E97AC4 /* Products */ = {
			isa = PBXGroup;
			children = (
				522D27BA1D118F2A00E97AC4 /* dreamCalc.app */,
				522D27D31D118F2A00E97AC4 /* dreamCalcTests.xctest */,
				522D27DE1D118F2A00E97AC4 /* dreamCalcUITests.xctest */,
			);
			name = Products;
			sourceTree = "<group>";
		};
		522D27BC1D118F2A00E97AC4 /* dreamCalc */ = {
			isa = PBXGroup;
			children = (
				52CAC8A51D2A5DEC006992EB /* AudioResources */,
				52D189A81D1C5EDC008A8278 /* GraphicalResources */,
				522D27C01D118F2A00E97AC4 /* AppDelegate.h */,
				522D27C11D118F2A00E97AC4 /* AppDelegate.m */,
				52D189BD1D1C615A008A8278 /* CalculatorModel.h */,
				52D189BE1D1C615A008A8278 /* CalculatorModel.m */,
				522D27C31D118F2A00E97AC4 /* ViewController.h */,
				522D27C41D118F2A00E97AC4 /* ViewController.m */,
				527535461D219498006F703B /* SecondViewController.h */,
				527535471D219498006F703B /* SecondViewController.m */,
				5275354F1D227E5B006F703B /* PlotView.h */,
				527535501D227E5B006F703B /* PlotView.m */,
				52D189C01D1C631D008A8278 /* UIDesignMethods.h */,
				52D189C11D1C631D008A8278 /* UIDesignMethods.m */,
				522D27C61D118F2A00E97AC4 /* Main.storyboard */,
				522D27C91D118F2A00E97AC4 /* Assets.xcassets */,
				522D27CB1D118F2A00E97AC4 /* LaunchScreen.storyboard */,
				522D27CE1D118F2A00E97AC4 /* Info.plist */,
				522D27BD1D118F2A00E97AC4 /* Supporting Files */,
			);
			path = dreamCalc;
			sourceTree = "<group>";
		};
		522D27BD1D118F2A00E97AC4 /* Supporting Files */ = {
			isa = PBXGroup;
			children = (
				522D27BE1D118F2A00E97AC4 /* main.m */,
			);
			name = "Supporting Files";
			sourceTree = "<group>";
		};
		522D27D61D118F2A00E97AC4 /* dreamCalcTests */ = {
			isa = PBXGroup;
			children = (
				522D27D71D118F2A00E97AC4 /* dreamCalcTests.m */,
				522D27D91D118F2A00E97AC4 /* Info.plist */,
			);
			path = dreamCalcTests;
			sourceTree = "<group>";
		};
		522D27E11D118F2A00E97AC4 /* dreamCalcUITests */ = {
			isa = PBXGroup;
			children = (
				522D27E21D118F2A00E97AC4 /* dreamCalcUITests.m */,
				522D27E41D118F2A00E97AC4 /* Info.plist */,
			);
			path = dreamCalcUITests;
			sourceTree = "<group>";
		};
		52CAC8A51D2A5DEC006992EB /* AudioResources */ = {
			isa = PBXGroup;
			children = (
				521D09661D265F6B0079BB86 /* A Day in the Life.mp3 */,
			);
			name = AudioResources;
			sourceTree = "<group>";
		};
		52D189A81D1C5EDC008A8278 /* GraphicalResources */ = {
			isa = PBXGroup;
			children = (
				52D189AA1D1C5EF4008A8278 /* Backgrounds */,
				52D189A91D1C5EED008A8278 /* Buttons */,
			);
			name = GraphicalResources;
			sourceTree = "<group>";
		};
		52D189A91D1C5EED008A8278 /* Buttons */ = {
			isa = PBXGroup;
			children = (
				52D189AF1D1C60BB008A8278 /* roundButtonV1.png */,
				52D189B01D1C60BB008A8278 /* roundButtonV2.png */,
				52D189B11D1C60BB008A8278 /* roundButtonV3.png */,
			);
			name = Buttons;
			sourceTree = "<group>";
		};
		52D189AA1D1C5EF4008A8278 /* Backgrounds */ = {
			isa = PBXGroup;
			children = (
				52D189B51D1C60D3008A8278 /* galaxy1.png */,
				52D189B61D1C60D3008A8278 /* galaxy2.png */,
				52D189B71D1C60D3008A8278 /* girl.png */,
				52D189B81D1C60D3008A8278 /* nature1.png */,
			);
			name = Backgrounds;
			sourceTree = "<group>";
		};
/* End PBXGroup section */

/* Begin PBXNativeTarget section */
		522D27B91D118F2A00E97AC4 /* dreamCalc */ = {
			isa = PBXNativeTarget;
			buildConfigurationList = 522D27E71D118F2A00E97AC4 /* Build configuration list for PBXNativeTarget "dreamCalc" */;
			buildPhases = (
				522D27B61D118F2A00E97AC4 /* Sources */,
				522D27B71D118F2A00E97AC4 /* Frameworks */,
				522D27B81D118F2A00E97AC4 /* Resources */,
			);
			buildRules = (
			);
			dependencies = (
			);
			name = dreamCalc;
			productName = dreamCalc;
			productReference = 522D27BA1D118F2A00E97AC4 /* dreamCalc.app */;
			productType = "com.apple.product-type.application";
		};
		522D27D21D118F2A00E97AC4 /* dreamCalcTests */ = {
			isa = PBXNativeTarget;
			buildConfigurationList = 522D27EA1D118F2A00E97AC4 /* Build configuration list for PBXNativeTarget "dreamCalcTests" */;
			buildPhases = (
				522D27CF1D118F2A00E97AC4 /* Sources */,
				522D27D01D118F2A00E97AC4 /* Frameworks */,
				522D27D11D118F2A00E97AC4 /* Resources */,
			);
			buildRules = (
			);
			dependencies = (
				522D27D51D118F2A00E97AC4 /* PBXTargetDependency */,
			);
			name = dreamCalcTests;
			productName = dreamCalcTests;
			productReference = 522D27D31D118F2A00E97AC4 /* dreamCalcTests.xctest */;
			productType = "com.apple.product-type.bundle.unit-test";
		};
		522D27DD1D118F2A00E97AC4 /* dreamCalcUITests */ = {
			isa = PBXNativeTarget;
			buildConfigurationList = 522D27ED1D118F2A00E97AC4 /* Build configuration list for PBXNativeTarget "dreamCalcUITests" */;
			buildPhases = (
				522D27DA1D118F2A00E97AC4 /* Sources */,
				522D27DB1D118F2A00E97AC4 /* Frameworks */,
				522D27DC1D118F2A00E97AC4 /* Resources */,
			);
			buildRules = (
			);
			dependencies = (
				522D27E01D118F2A00E97AC4 /* PBXTargetDependency */,
			);
			name = dreamCalcUITests;
			productName = dreamCalcUITests;
			productReference = 522D27DE1D118F2A00E97AC4 /* dreamCalcUITests.xctest */;
			productType = "com.apple.product-type.bundle.ui-testing";
		};
/* End PBXNativeTarget section */

/* Begin PBXProject section */
		522D27B21D118F2A00E97AC4 /* Project object */ = {
			isa = PBXProject;
			attributes = {
				LastUpgradeCheck = 0730;
				ORGANIZATIONNAME = "Yura Yasinskyy";
				TargetAttributes = {
					522D27B91D118F2A00E97AC4 = {
						CreatedOnToolsVersion = 7.3.1;
						DevelopmentTeam = M7LFA46QZA;
					};
					522D27D21D118F2A00E97AC4 = {
						CreatedOnToolsVersion = 7.3.1;
						DevelopmentTeam = M7LFA46QZA;
						TestTargetID = 522D27B91D118F2A00E97AC4;
					};
					522D27DD1D118F2A00E97AC4 = {
						CreatedOnToolsVersion = 7.3.1;
						DevelopmentTeam = M7LFA46QZA;
						TestTargetID = 522D27B91D118F2A00E97AC4;
					};
				};
			};
			buildConfigurationList = 522D27B51D118F2A00E97AC4 /* Build configuration list for PBXProject "dreamCalc" */;
			compatibilityVersion = "Xcode 3.2";
			developmentRegion = English;
			hasScannedForEncodings = 0;
			knownRegions = (
				en,
				Base,
			);
			mainGroup = 522D27B11D118F2A00E97AC4;
			productRefGroup = 522D27BB1D118F2A00E97AC4 /* Products */;
			projectDirPath = "";
			projectRoot = "";
			targets = (
				522D27B91D118F2A00E97AC4 /* dreamCalc */,
				522D27D21D118F2A00E97AC4 /* dreamCalcTests */,
				522D27DD1D118F2A00E97AC4 /* dreamCalcUITests */,
			);
		};
/* End PBXProject section */

/* Begin PBXResourcesBuildPhase section */
		522D27B81D118F2A00E97AC4 /* Resources */ = {
			isa = PBXResourcesBuildPhase;
			buildActionMask = 2147483647;
			files = (
				522D27CD1D118F2A00E97AC4 /* LaunchScreen.storyboard in Resources */,
				52D189BB1D1C60D3008A8278 /* girl.png in Resources */,
				52D189B31D1C60BB008A8278 /* roundButtonV2.png in Resources */,
				52D189B21D1C60BB008A8278 /* roundButtonV1.png in Resources */,
				52D189BC1D1C60D3008A8278 /* nature1.png in Resources */,
				52D189B41D1C60BB008A8278 /* roundButtonV3.png in Resources */,
				52D189BA1D1C60D3008A8278 /* galaxy2.png in Resources */,
				521D09671D265F6B0079BB86 /* A Day in the Life.mp3 in Resources */,
				522D27CA1D118F2A00E97AC4 /* Assets.xcassets in Resources */,
				52D189B91D1C60D3008A8278 /* galaxy1.png in Resources */,
				522D27C81D118F2A00E97AC4 /* Main.storyboard in Resources */,
			);
			runOnlyForDeploymentPostprocessing = 0;
		};
		522D27D11D118F2A00E97AC4 /* Resources */ = {
			isa = PBXResourcesBuildPhase;
			buildActionMask = 2147483647;
			files = (
			);
			runOnlyForDeploymentPostprocessing = 0;
		};
		522D27DC1D118F2A00E97AC4 /* Resources */ = {
			isa = PBXResourcesBuildPhase;
			buildActionMask = 2147483647;
			files = (
			);
			runOnlyForDeploymentPostprocessing = 0;
		};
/* End PBXResourcesBuildPhase section */

/* Begin PBXSourcesBuildPhase section */
		522D27B61D118F2A00E97AC4 /* Sources */ = {
			isa = PBXSourcesBuildPhase;
			buildActionMask = 2147483647;
			files = (
				527535511D227E5B006F703B /* PlotView.m in Sources */,
				527535481D219498006F703B /* SecondViewController.m in Sources */,
				522D27C51D118F2A00E97AC4 /* ViewController.m in Sources */,
				522D27C21D118F2A00E97AC4 /* AppDelegate.m in Sources */,
				52D189BF1D1C615A008A8278 /* CalculatorModel.m in Sources */,
				52D189C21D1C631D008A8278 /* UIDesignMethods.m in Sources */,
				522D27BF1D118F2A00E97AC4 /* main.m in Sources */,
			);
			runOnlyForDeploymentPostprocessing = 0;
		};
		522D27CF1D118F2A00E97AC4 /* Sources */ = {
			isa = PBXSourcesBuildPhase;
			buildActionMask = 2147483647;
			files = (
				522D27D81D118F2A00E97AC4 /* dreamCalcTests.m in Sources */,
			);
			runOnlyForDeploymentPostprocessing = 0;
		};
		522D27DA1D118F2A00E97AC4 /* Sources */ = {
			isa = PBXSourcesBuildPhase;
			buildActionMask = 2147483647;
			files = (
				522D27E31D118F2A00E97AC4 /* dreamCalcUITests.m in Sources */,
			);
			runOnlyForDeploymentPostprocessing = 0;
		};
/* End PBXSourcesBuildPhase section */

/* Begin PBXTargetDependency section */
		522D27D51D118F2A00E97AC4 /* PBXTargetDependency */ = {
			isa = PBXTargetDependency;
			target = 522D27B91D118F2A00E97AC4 /* dreamCalc */;
			targetProxy = 522D27D41D118F2A00E97AC4 /* PBXContainerItemProxy */;
		};
		522D27E01D118F2A00E97AC4 /* PBXTargetDependency */ = {
			isa = PBXTargetDependency;
			target = 522D27B91D118F2A00E97AC4 /* dreamCalc */;
			targetProxy = 522D27DF1D118F2A00E97AC4 /* PBXContainerItemProxy */;
		};
/* End PBXTargetDependency section */

/* Begin PBXVariantGroup section */
		522D27C61D118F2A00E97AC4 /* Main.storyboard */ = {
			isa = PBXVariantGroup;
			children = (
				522D27C71D118F2A00E97AC4 /* Base */,
			);
			name = Main.storyboard;
			sourceTree = "<group>";
		};
		522D27CB1D118F2A00E97AC4 /* LaunchScreen.storyboard */ = {
			isa = PBXVariantGroup;
			children = (
				522D27CC1D118F2A00E97AC4 /* Base */,
			);
			name = LaunchScreen.storyboard;
			sourceTree = "<group>";
		};
/* End PBXVariantGroup section */

/* Begin XCBuildConfiguration section */
		522D27E51D118F2A00E97AC4 /* Debug */ = {
			isa = XCBuildConfiguration;
			buildSettings = {
				ALWAYS_SEARCH_USER_PATHS = NO;
				CLANG_ANALYZER_NONNULL = YES;
				CLANG_CXX_LANGUAGE_STANDARD = "gnu++0x";
				CLANG_CXX_LIBRARY = "libc++";
				CLANG_ENABLE_MODULES = YES;
				CLANG_ENABLE_OBJC_ARC = YES;
				CLANG_WARN_BOOL_CONVERSION = YES;
				CLANG_WARN_CONSTANT_CONVERSION = YES;
				CLANG_WARN_DIRECT_OBJC_ISA_USAGE = YES_ERROR;
				CLANG_WARN_EMPTY_BODY = YES;
				CLANG_WARN_ENUM_CONVERSION = YES;
				CLANG_WARN_INT_CONVERSION = YES;
				CLANG_WARN_OBJC_ROOT_CLASS = YES_ERROR;
				CLANG_WARN_UNREACHABLE_CODE = YES;
				CLANG_WARN__DUPLICATE_METHOD_MATCH = YES;
				"CODE_SIGN_IDENTITY[sdk=iphoneos*]" = "iPhone Developer";
				COPY_PHASE_STRIP = NO;
				DEBUG_INFORMATION_FORMAT = dwarf;
				ENABLE_STRICT_OBJC_MSGSEND = YES;
				ENABLE_TESTABILITY = YES;
				GCC_C_LANGUAGE_STANDARD = gnu99;
				GCC_DYNAMIC_NO_PIC = NO;
				GCC_NO_COMMON_BLOCKS = YES;
				GCC_OPTIMIZATION_LEVEL = 0;
				GCC_PREPROCESSOR_DEFINITIONS = (
					"DEBUG=1",
					"$(inherited)",
				);
				GCC_WARN_64_TO_32_BIT_CONVERSION = YES;
				GCC_WARN_ABOUT_RETURN_TYPE = YES_ERROR;
				GCC_WARN_UNDECLARED_SELECTOR = YES;
				GCC_WARN_UNINITIALIZED_AUTOS = YES_AGGRESSIVE;
				GCC_WARN_UNUSED_FUNCTION = YES;
				GCC_WARN_UNUSED_VARIABLE = YES;
				IPHONEOS_DEPLOYMENT_TARGET = 9.3;
				MTL_ENABLE_DEBUG_INFO = YES;
				ONLY_ACTIVE_ARCH = YES;
				SDKROOT = iphoneos;
			};
			name = Debug;
		};
		522D27E61D118F2A00E97AC4 /* Release */ = {
			isa = XCBuildConfiguration;
			buildSettings = {
				ALWAYS_SEARCH_USER_PATHS = NO;
				CLANG_ANALYZER_NONNULL = YES;
				CLANG_CXX_LANGUAGE_STANDARD = "gnu++0x";
				CLANG_CXX_LIBRARY = "libc++";
				CLANG_ENABLE_MODULES = YES;
				CLANG_ENABLE_OBJC_ARC = YES;
				CLANG_WARN_BOOL_CONVERSION = YES;
				CLANG_WARN_CONSTANT_CONVERSION = YES;
				CLANG_WARN_DIRECT_OBJC_ISA_USAGE = YES_ERROR;
				CLANG_WARN_EMPTY_BODY = YES;
				CLANG_WARN_ENUM_CONVERSION = YES;
				CLANG_WARN_INT_CONVERSION = YES;
				CLANG_WARN_OBJC_ROOT_CLASS = YES_ERROR;
				CLANG_WARN_UNREACHABLE_CODE = YES;
				CLANG_WARN__DUPLICATE_METHOD_MATCH = YES;
				"CODE_SIGN_IDENTITY[sdk=iphoneos*]" = "iPhone Developer";
				COPY_PHASE_STRIP = NO;
				DEBUG_INFORMATION_FORMAT = "dwarf-with-dsym";
				ENABLE_NS_ASSERTIONS = NO;
				ENABLE_STRICT_OBJC_MSGSEND = YES;
				GCC_C_LANGUAGE_STANDARD = gnu99;
				GCC_NO_COMMON_BLOCKS = YES;
				GCC_WARN_64_TO_32_BIT_CONVERSION = YES;
				GCC_WARN_ABOUT_RETURN_TYPE = YES_ERROR;
				GCC_WARN_UNDECLARED_SELECTOR = YES;
				GCC_WARN_UNINITIALIZED_AUTOS = YES_AGGRESSIVE;
				GCC_WARN_UNUSED_FUNCTION = YES;
				GCC_WARN_UNUSED_VARIABLE = YES;
				IPHONEOS_DEPLOYMENT_TARGET = 9.3;
				MTL_ENABLE_DEBUG_INFO = NO;
				SDKROOT = iphoneos;
				VALIDATE_PRODUCT = YES;
			};
			name = Release;
		};
		522D27E81D118F2A00E97AC4 /* Debug */ = {
			isa = XCBuildConfiguration;
			buildSettings = {
				ASSETCATALOG_COMPILER_APPICON_NAME = AppIcon;
				CODE_SIGN_IDENTITY = "iPhone Developer";
				"CODE_SIGN_IDENTITY[sdk=iphoneos*]" = "iPhone Developer";
				INFOPLIST_FILE = dreamCalc/Info.plist;
				LD_RUNPATH_SEARCH_PATHS = "$(inherited) @executable_path/Frameworks";
				PRODUCT_BUNDLE_IDENTIFIER = com.yurayasinskyy.dreamCalc;
				PRODUCT_NAME = "$(TARGET_NAME)";
				PROVISIONING_PROFILE = "";
			};
			name = Debug;
		};
		522D27E91D118F2A00E97AC4 /* Release */ = {
			isa = XCBuildConfiguration;
			buildSettings = {
				ASSETCATALOG_COMPILER_APPICON_NAME = AppIcon;
				CODE_SIGN_IDENTITY = "iPhone Developer";
				"CODE_SIGN_IDENTITY[sdk=iphoneos*]" = "iPhone Developer";
				INFOPLIST_FILE = dreamCalc/Info.plist;
				LD_RUNPATH_SEARCH_PATHS = "$(inherited) @executable_path/Frameworks";
				PRODUCT_BUNDLE_IDENTIFIER = com.yurayasinskyy.dreamCalc;
				PRODUCT_NAME = "$(TARGET_NAME)";
				PROVISIONING_PROFILE = "";
			};
			name = Release;
		};
		522D27EB1D118F2A00E97AC4 /* Debug */ = {
			isa = XCBuildConfiguration;
			buildSettings = {
				BUNDLE_LOADER = "$(TEST_HOST)";
				INFOPLIST_FILE = dreamCalcTests/Info.plist;
				LD_RUNPATH_SEARCH_PATHS = "$(inherited) @executable_path/Frameworks @loader_path/Frameworks";
				PRODUCT_BUNDLE_IDENTIFIER = com.yurayasinskyy.dreamCalcTests;
				PRODUCT_NAME = "$(TARGET_NAME)";
				TEST_HOST = "$(BUILT_PRODUCTS_DIR)/dreamCalc.app/dreamCalc";
			};
			name = Debug;
		};
		522D27EC1D118F2A00E97AC4 /* Release */ = {
			isa = XCBuildConfiguration;
			buildSettings = {
				BUNDLE_LOADER = "$(TEST_HOST)";
				INFOPLIST_FILE = dreamCalcTests/Info.plist;
				LD_RUNPATH_SEARCH_PATHS = "$(inherited) @executable_path/Frameworks @loader_path/Frameworks";
				PRODUCT_BUNDLE_IDENTIFIER = com.yurayasinskyy.dreamCalcTests;
				PRODUCT_NAME = "$(TARGET_NAME)";
				TEST_HOST = "$(BUILT_PRODUCTS_DIR)/dreamCalc.app/dreamCalc";
			};
			name = Release;
		};
		522D27EE1D118F2A00E97AC4 /* Debug */ = {
			isa = XCBuildConfiguration;
			buildSettings = {
				INFOPLIST_FILE = dreamCalcUITests/Info.plist;
				LD_RUNPATH_SEARCH_PATHS = "$(inherited) @executable_path/Frameworks @loader_path/Frameworks";
				PRODUCT_BUNDLE_IDENTIFIER = com.yurayasinskyy.dreamCalcUITests;
				PRODUCT_NAME = "$(TARGET_NAME)";
				TEST_TARGET_NAME = dreamCalc;
			};
			name = Debug;
		};
		522D27EF1D118F2A00E97AC4 /* Release */ = {
			isa = XCBuildConfiguration;
			buildSettings = {
				INFOPLIST_FILE = dreamCalcUITests/Info.plist;
				LD_RUNPATH_SEARCH_PATHS = "$(inherited) @executable_path/Frameworks @loader_path/Frameworks";
				PRODUCT_BUNDLE_IDENTIFIER = com.yurayasinskyy.dreamCalcUITests;
				PRODUCT_NAME = "$(TARGET_NAME)";
				TEST_TARGET_NAME = dreamCalc;
			};
			name = Release;
		};
/* End XCBuildConfiguration section */

/* Begin XCConfigurationList section */
		522D27B51D118F2A00E97AC4 /* Build configuration list for PBXProject "dreamCalc" */ = {
			isa = XCConfigurationList;
			buildConfigurations = (
				522D27E51D118F2A00E97AC4 /* Debug */,
				522D27E61D118F2A00E97AC4 /* Release */,
			);
			defaultConfigurationIsVisible = 0;
			defaultConfigurationName = Release;
		};
		522D27E71D118F2A00E97AC4 /* Build configuration list for PBXNativeTarget "dreamCalc" */ = {
			isa = XCConfigurationList;
			buildConfigurations = (
				522D27E81D118F2A00E97AC4 /* Debug */,
				522D27E91D118F2A00E97AC4 /* Release */,
			);
			defaultConfigurationIsVisible = 0;
			defaultConfigurationName = Release;
		};
		522D27EA1D118F2A00E97AC4 /* Build configuration list for PBXNativeTarget "dreamCalcTests" */ = {
			isa = XCConfigurationList;
			buildConfigurations = (
				522D27EB1D118F2A00E97AC4 /* Debug */,
				522D27EC1D118F2A00E97AC4 /* Release */,
			);
			defaultConfigurationIsVisible = 0;
			defaultConfigurationName = Release;
		};
		522D27ED1D118F2A00E97AC4 /* Build configuration list for PBXNativeTarget "dreamCalcUITests" */ = {
			isa = XCConfigurationList;
			buildConfigurations = (
				522D27EE1D118F2A00E97AC4 /* Debug */,
				522D27EF1D118F2A00E97AC4 /* Release */,
			);
			defaultConfigurationIsVisible = 0;
			defaultConfigurationName = Release;
		};
/* End XCConfigurationList section */
	};
	rootObject = 522D27B21D118F2A00E97AC4 /* Project object */;
}
